// !$*UTF8*$!
{
	archiveVersion = 1;
	classes = {
	};
	objectVersion = 46;
	objects = {

/* Begin PBXBuildFile section */
		BF486C7B1D9F698400B8B389 /* AppDelegate.swift in Sources */ = {isa = PBXBuildFile; fileRef = BF486C7A1D9F698400B8B389 /* AppDelegate.swift */; };
		BF486C7D1D9F698400B8B389 /* ViewController.swift in Sources */ = {isa = PBXBuildFile; fileRef = BF486C7C1D9F698400B8B389 /* ViewController.swift */; };
		BF486C801D9F698400B8B389 /* Main.storyboard in Resources */ = {isa = PBXBuildFile; fileRef = BF486C7E1D9F698400B8B389 /* Main.storyboard */; };
		BF486C821D9F698400B8B389 /* Assets.xcassets in Resources */ = {isa = PBXBuildFile; fileRef = BF486C811D9F698400B8B389 /* Assets.xcassets */; };
		BF486C851D9F698400B8B389 /* LaunchScreen.storyboard in Resources */ = {isa = PBXBuildFile; fileRef = BF486C831D9F698400B8B389 /* LaunchScreen.storyboard */; };
		BF486C901D9FB02200B8B389 /* MainController.swift in Sources */ = {isa = PBXBuildFile; fileRef = BF486C8F1D9FB02200B8B389 /* MainController.swift */; };
		BF486C921D9FB03500B8B389 /* LeftTableViewController.swift in Sources */ = {isa = PBXBuildFile; fileRef = BF486C911D9FB03500B8B389 /* LeftTableViewController.swift */; };
		BF486C941D9FB03F00B8B389 /* RightTableViewController.swift in Sources */ = {isa = PBXBuildFile; fileRef = BF486C931D9FB03F00B8B389 /* RightTableViewController.swift */; };
/* End PBXBuildFile section */

/* Begin PBXFileReference section */
		BF486C771D9F698400B8B389 /* Weather.app */ = {isa = PBXFileReference; explicitFileType = wrapper.application; includeInIndex = 0; path = Weather.app; sourceTree = BUILT_PRODUCTS_DIR; };
		BF486C7A1D9F698400B8B389 /* AppDelegate.swift */ = {isa = PBXFileReference; lastKnownFileType = sourcecode.swift; path = AppDelegate.swift; sourceTree = "<group>"; };
		BF486C7C1D9F698400B8B389 /* ViewController.swift */ = {isa = PBXFileReference; lastKnownFileType = sourcecode.swift; path = ViewController.swift; sourceTree = "<group>"; };
		BF486C7F1D9F698400B8B389 /* Base */ = {isa = PBXFileReference; lastKnownFileType = file.storyboard; name = Base; path = Base.lproj/Main.storyboard; sourceTree = "<group>"; };
		BF486C811D9F698400B8B389 /* Assets.xcassets */ = {isa = PBXFileReference; lastKnownFileType = folder.assetcatalog; path = Assets.xcassets; sourceTree = "<group>"; };
		BF486C841D9F698400B8B389 /* Base */ = {isa = PBXFileReference; lastKnownFileType = file.storyboard; name = Base; path = Base.lproj/LaunchScreen.storyboard; sourceTree = "<group>"; };
		BF486C861D9F698400B8B389 /* Info.plist */ = {isa = PBXFileReference; lastKnownFileType = text.plist.xml; path = Info.plist; sourceTree = "<group>"; };
		BF486C8F1D9FB02200B8B389 /* MainController.swift */ = {isa = PBXFileReference; fileEncoding = 4; lastKnownFileType = sourcecode.swift; path = MainController.swift; sourceTree = "<group>"; };
		BF486C911D9FB03500B8B389 /* LeftTableViewController.swift */ = {isa = PBXFileReference; fileEncoding = 4; lastKnownFileType = sourcecode.swift; path = LeftTableViewController.swift; sourceTree = "<group>"; };
		BF486C931D9FB03F00B8B389 /* RightTableViewController.swift */ = {isa = PBXFileReference; fileEncoding = 4; lastKnownFileType = sourcecode.swift; path = RightTableViewController.swift; sourceTree = "<group>"; };
/* End PBXFileReference section */

/* Begin PBXFrameworksBuildPhase section */
		BF486C741D9F698400B8B389 /* Frameworks */ = {
			isa = PBXFrameworksBuildPhase;
			buildActionMask = 2147483647;
			files = (
			);
			runOnlyForDeploymentPostprocessing = 0;
		};
/* End PBXFrameworksBuildPhase section */

/* Begin PBXGroup section */
		BF486C6E1D9F698400B8B389 = {
			isa = PBXGroup;
			children = (
				BF486C791D9F698400B8B389 /* Weather */,
				BF486C781D9F698400B8B389 /* Products */,
			);
			sourceTree = "<group>";
		};
		BF486C781D9F698400B8B389 /* Products */ = {
			isa = PBXGroup;
			children = (
				BF486C771D9F698400B8B389 /* Weather.app */,
			);
			name = Products;
			sourceTree = "<group>";
		};
		BF486C791D9F698400B8B389 /* Weather */ = {
			isa = PBXGroup;
			children = (
				BF486C8C1D9F734100B8B389 /* controller */,
				BF486C8D1D9F734C00B8B389 /* storyboard */,
				BF486C8E1D9F735F00B8B389 /* delegate */,
				BF486C811D9F698400B8B389 /* Assets.xcassets */,
				BF486C861D9F698400B8B389 /* Info.plist */,
			);
			path = Weather;
			sourceTree = "<group>";
		};
		BF486C8C1D9F734100B8B389 /* controller */ = {
			isa = PBXGroup;
			children = (
				BF486C7C1D9F698400B8B389 /* ViewController.swift */,
				BF486C8F1D9FB02200B8B389 /* MainController.swift */,
				BF486C911D9FB03500B8B389 /* LeftTableViewController.swift */,
				BF486C931D9FB03F00B8B389 /* RightTableViewController.swift */,
			);
			name = controller;
			sourceTree = "<group>";
		};
		BF486C8D1D9F734C00B8B389 /* storyboard */ = {
			isa = PBXGroup;
			children = (
				BF486C7E1D9F698400B8B389 /* Main.storyboard */,
				BF486C831D9F698400B8B389 /* LaunchScreen.storyboard */,
			);
			name = storyboard;
			sourceTree = "<group>";
		};
		BF486C8E1D9F735F00B8B389 /* delegate */ = {
			isa = PBXGroup;
			children = (
				BF486C7A1D9F698400B8B389 /* AppDelegate.swift */,
			);
			name = delegate;
			sourceTree = "<group>";
		};
/* End PBXGroup section */

/* Begin PBXNativeTarget section */
		BF486C761D9F698400B8B389 /* Weather */ = {
			isa = PBXNativeTarget;
			buildConfigurationList = BF486C891D9F698400B8B389 /* Build configuration list for PBXNativeTarget "Weather" */;
			buildPhases = (
				BF486C731D9F698400B8B389 /* Sources */,
				BF486C741D9F698400B8B389 /* Frameworks */,
				BF486C751D9F698400B8B389 /* Resources */,
			);
			buildRules = (
			);
			dependencies = (
			);
			name = Weather;
			productName = Weather;
			productReference = BF486C771D9F698400B8B389 /* Weather.app */;
			productType = "com.apple.product-type.application";
		};
/* End PBXNativeTarget section */

/* Begin PBXProject section */
		BF486C6F1D9F698400B8B389 /* Project object */ = {
			isa = PBXProject;
			attributes = {
				LastSwiftUpdateCheck = 0800;
				LastUpgradeCheck = 0800;
				ORGANIZATIONNAME = com.vincent.study;
				TargetAttributes = {
					BF486C761D9F698400B8B389 = {
						CreatedOnToolsVersion = 8.0;
						ProvisioningStyle = Automatic;
					};
				};
			};
			buildConfigurationList = BF486C721D9F698400B8B389 /* Build configuration list for PBXProject "Weather" */;
			compatibilityVersion = "Xcode 3.2";
			developmentRegion = English;
			hasScannedForEncodings = 0;
			knownRegions = (
				en,
				Base,
			);
			mainGroup = BF486C6E1D9F698400B8B389;
			productRefGroup = BF486C781D9F698400B8B389 /* Products */;
			projectDirPath = "";
			projectRoot = "";
			targets = (
				BF486C761D9F698400B8B389 /* Weather */,
			);
		};
/* End PBXProject section */

/* Begin PBXResourcesBuildPhase section */
		BF486C751D9F698400B8B389 /* Resources */ = {
			isa = PBXResourcesBuildPhase;
			buildActionMask = 2147483647;
			files = (
				BF486C851D9F698400B8B389 /* LaunchScreen.storyboard in Resources */,
				BF486C821D9F698400B8B389 /* Assets.xcassets in Resources */,
				BF486C801D9F698400B8B389 /* Main.storyboard in Resources */,
			);
			runOnlyForDeploymentPostprocessing = 0;
		};
/* End PBXResourcesBuildPhase section */

/* Begin PBXSourcesBuildPhase section */
		BF486C731D9F698400B8B389 /* Sources */ = {
			isa = PBXSourcesBuildPhase;
			buildActionMask = 2147483647;
			files = (
				BF486C7D1D9F698400B8B389 /* ViewController.swift in Sources */,
				BF486C901D9FB02200B8B389 /* MainController.swift in Sources */,
				BF486C921D9FB03500B8B389 /* LeftTableViewController.swift in Sources */,
				BF486C941D9FB03F00B8B389 /* RightTableViewController.swift in Sources */,
				BF486C7B1D9F698400B8B389 /* AppDelegate.swift in Sources */,
			);
			runOnlyForDeploymentPostprocessing = 0;
		};
/* End PBXSourcesBuildPhase section */

/* Begin PBXVariantGroup section */
		BF486C7E1D9F698400B8B389 /* Main.storyboard */ = {
			isa = PBXVariantGroup;
			children = (
				BF486C7F1D9F698400B8B389 /* Base */,
			);
			name = Main.storyboard;
			sourceTree = "<group>";
		};
		BF486C831D9F698400B8B389 /* LaunchScreen.storyboard */ = {
			isa = PBXVariantGroup;
			children = (
				BF486C841D9F698400B8B389 /* Base */,
			);
			name = LaunchScreen.storyboard;
			sourceTree = "<group>";
		};
/* End PBXVariantGroup section */

/* Begin XCBuildConfiguration section */
		BF486C871D9F698400B8B389 /* Debug */ = {
			isa = XCBuildConfiguration;
			buildSettings = {
				ALWAYS_SEARCH_USER_PATHS = NO;
				CLANG_ANALYZER_NONNULL = YES;
				CLANG_CXX_LANGUAGE_STANDARD = "gnu++0x";
				CLANG_CXX_LIBRARY = "libc++";
				CLANG_ENABLE_MODULES = YES;
				CLANG_ENABLE_OBJC_ARC = YES;
				CLANG_WARN_BOOL_CONVERSION = YES;
				CLANG_WARN_CONSTANT_CONVERSION = YES;
				CLANG_WARN_DIRECT_OBJC_ISA_USAGE = YES_ERROR;
				CLANG_WARN_DOCUMENTATION_COMMENTS = YES;
				CLANG_WARN_EMPTY_BODY = YES;
				CLANG_WARN_ENUM_CONVERSION = YES;
				CLANG_WARN_INFINITE_RECURSION = YES;
				CLANG_WARN_INT_CONVERSION = YES;
				CLANG_WARN_OBJC_ROOT_CLASS = YES_ERROR;
				CLANG_WARN_SUSPICIOUS_MOVES = YES;
				CLANG_WARN_UNREACHABLE_CODE = YES;
				CLANG_WARN__DUPLICATE_METHOD_MATCH = YES;
				"CODE_SIGN_IDENTITY[sdk=iphoneos*]" = "iPhone Developer";
				COPY_PHASE_STRIP = NO;
				DEBUG_INFORMATION_FORMAT = dwarf;
				ENABLE_STRICT_OBJC_MSGSEND = YES;
				ENABLE_TESTABILITY = YES;
				GCC_C_LANGUAGE_STANDARD = gnu99;
				GCC_DYNAMIC_NO_PIC = NO;
				GCC_NO_COMMON_BLOCKS = YES;
				GCC_OPTIMIZATION_LEVEL = 0;
				GCC_PREPROCESSOR_DEFINITIONS = (
					"DEBUG=1",
					"$(inherited)",
				);
				GCC_WARN_64_TO_32_BIT_CONVERSION = YES;
				GCC_WARN_ABOUT_RETURN_TYPE = YES_ERROR;
				GCC_WARN_UNDECLARED_SELECTOR = YES;
				GCC_WARN_UNINITIALIZED_AUTOS = YES_AGGRESSIVE;
				GCC_WARN_UNUSED_FUNCTION = YES;
				GCC_WARN_UNUSED_VARIABLE = YES;
				IPHONEOS_DEPLOYMENT_TARGET = 10.0;
				MTL_ENABLE_DEBUG_INFO = YES;
				ONLY_ACTIVE_ARCH = YES;
				SDKROOT = iphoneos;
				SWIFT_ACTIVE_COMPILATION_CONDITIONS = DEBUG;
				SWIFT_OPTIMIZATION_LEVEL = "-Onone";
			};
			name = Debug;
		};
		BF486C881D9F698400B8B389 /* Release */ = {
			isa = XCBuildConfiguration;
			buildSettings = {
				ALWAYS_SEARCH_USER_PATHS = NO;
				CLANG_ANALYZER_NONNULL = YES;
				CLANG_CXX_LANGUAGE_STANDARD = "gnu++0x";
				CLANG_CXX_LIBRARY = "libc++";
				CLANG_ENABLE_MODULES = YES;
				CLANG_ENABLE_OBJC_ARC = YES;
				CLANG_WARN_BOOL_CONVERSION = YES;
				CLANG_WARN_CONSTANT_CONVERSION = YES;
				CLANG_WARN_DIRECT_OBJC_ISA_USAGE = YES_ERROR;
				CLANG_WARN_DOCUMENTATION_COMMENTS = YES;
				CLANG_WARN_EMPTY_BODY = YES;
				CLANG_WARN_ENUM_CONVERSION = YES;
				CLANG_WARN_INFINITE_RECURSION = YES;
				CLANG_WARN_INT_CONVERSION = YES;
				CLANG_WARN_OBJC_ROOT_CLASS = YES_ERROR;
				CLANG_WARN_SUSPICIOUS_MOVES = YES;
				CLANG_WARN_UNREACHABLE_CODE = YES;
				CLANG_WARN__DUPLICATE_METHOD_MATCH = YES;
				"CODE_SIGN_IDENTITY[sdk=iphoneos*]" = "iPhone Developer";
				COPY_PHASE_STRIP = NO;
				DEBUG_INFORMATION_FORMAT = "dwarf-with-dsym";
				ENABLE_NS_ASSERTIONS = NO;
				ENABLE_STRICT_OBJC_MSGSEND = YES;
				GCC_C_LANGUAGE_STANDARD = gnu99;
				GCC_NO_COMMON_BLOCKS = YES;
				GCC_WARN_64_TO_32_BIT_CONVERSION = YES;
				GCC_WARN_ABOUT_RETURN_TYPE = YES_ERROR;
				GCC_WARN_UNDECLARED_SELECTOR = YES;
				GCC_WARN_UNINITIALIZED_AUTOS = YES_AGGRESSIVE;
				GCC_WARN_UNUSED_FUNCTION = YES;
				GCC_WARN_UNUSED_VARIABLE = YES;
				IPHONEOS_DEPLOYMENT_TARGET = 10.0;
				MTL_ENABLE_DEBUG_INFO = NO;
				SDKROOT = iphoneos;
				SWIFT_OPTIMIZATION_LEVEL = "-Owholemodule";
				VALIDATE_PRODUCT = YES;
			};
			name = Release;
		};
		BF486C8A1D9F698400B8B389 /* Debug */ = {
			isa = XCBuildConfiguration;
			buildSettings = {
				ASSETCATALOG_COMPILER_APPICON_NAME = AppIcon;
				INFOPLIST_FILE = Weather/Info.plist;
				LD_RUNPATH_SEARCH_PATHS = "$(inherited) @executable_path/Frameworks";
				PRODUCT_BUNDLE_IDENTIFIER = com.vincent.practise.Weather;
				PRODUCT_NAME = "$(TARGET_NAME)";
				SWIFT_VERSION = 3.0;
			};
			name = Debug;
		};
		BF486C8B1D9F698400B8B389 /* Release */ = {
			isa = XCBuildConfiguration;
			buildSettings = {
				ASSETCATALOG_COMPILER_APPICON_NAME = AppIcon;
				INFOPLIST_FILE = Weather/Info.plist;
				LD_RUNPATH_SEARCH_PATHS = "$(inherited) @executable_path/Frameworks";
				PRODUCT_BUNDLE_IDENTIFIER = com.vincent.practise.Weather;
				PRODUCT_NAME = "$(TARGET_NAME)";
				SWIFT_VERSION = 3.0;
			};
			name = Release;
		};
/* End XCBuildConfiguration section */

/* Begin XCConfigurationList section */
		BF486C721D9F698400B8B389 /* Build configuration list for PBXProject "Weather" */ = {
			isa = XCConfigurationList;
			buildConfigurations = (
				BF486C871D9F698400B8B389 /* Debug */,
				BF486C881D9F698400B8B389 /* Release */,
			);
			defaultConfigurationIsVisible = 0;
			defaultConfigurationName = Release;
		};
		BF486C891D9F698400B8B389 /* Build configuration list for PBXNativeTarget "Weather" */ = {
			isa = XCConfigurationList;
			buildConfigurations = (
				BF486C8A1D9F698400B8B389 /* Debug */,
				BF486C8B1D9F698400B8B389 /* Release */,
			);
			defaultConfigurationIsVisible = 0;
		};
/* End XCConfigurationList section */
	};
	rootObject = BF486C6F1D9F698400B8B389 /* Project object */;
}
